
Microsoft Visual Studio Solution File, Format Version 12.00
# Visual Studio Version 16
VisualStudioVersion = 16.0.31019.35
MinimumVisualStudioVersion = 15.0.26124.0
Project("{2150E333-8FDC-42A3-9474-1A3956D46DE8}") = "src", "src", "{EF4EB2FC-20FB-48D8-AF5A-ADE96016A034}"
EndProject
Project("{9A19103F-16F7-4668-BE54-9A1E7A4F7556}") = "Thoughtworks.Gala.WebApi", "src\Thoughtworks.Gala.WebApi\Thoughtworks.Gala.WebApi.csproj", "{1749AF17-CF21-4691-8C12-87C15C031C18}"
EndProject
Project("{2150E333-8FDC-42A3-9474-1A3956D46DE8}") = "test", "test", "{C3F8E6C4-477A-48C2-B293-CE18838A17C2}"
EndProject
Project("{9A19103F-16F7-4668-BE54-9A1E7A4F7556}") = "Thoughtworks.Gala.WebApi.UnitTests", "test\Thoughtworks.Gala.WebApi.UnitTests\Thoughtworks.Gala.WebApi.UnitTests.csproj", "{12D0AE1D-51CD-4830-B86B-27967A96219F}"
EndProject
Project("{2150E333-8FDC-42A3-9474-1A3956D46DE8}") = "actions", "actions", "{5269FF58-8F37-4ED3-9681-C0AB3A97FC97}"
	ProjectSection(SolutionItems) = preProject
		.github\workflows\build.yml = .github\workflows\build.yml
		.github\dependabot.yml = .github\dependabot.yml
	EndProjectSection
EndProject
Project("{2150E333-8FDC-42A3-9474-1A3956D46DE8}") = "doc", "doc", "{44F1427E-A7B6-425A-973E-5F86B272B9E1}"
	ProjectSection(SolutionItems) = preProject
		.gitignore = .gitignore
		LICENSE = LICENSE
		README.md = README.md
	EndProjectSection
EndProject
Project("{2150E333-8FDC-42A3-9474-1A3956D46DE8}") = "scripts", "scripts", "{43C3B572-219B-4719-BAB6-C38171262194}"
EndProject
Project("{9A19103F-16F7-4668-BE54-9A1E7A4F7556}") = "Thoughtworks.Gala.Web", "src\Thoughtworks.Gala.Web\Thoughtworks.Gala.Web.csproj", "{10D26CC5-3BE1-4282-89F6-78AF6F6E70EA}"
EndProject
Global
	GlobalSection(SolutionConfigurationPlatforms) = preSolution
		Debug|Any CPU = Debug|Any CPU
		Debug|x64 = Debug|x64
		Debug|x86 = Debug|x86
		Release|Any CPU = Release|Any CPU
		Release|x64 = Release|x64
		Release|x86 = Release|x86
	EndGlobalSection
	GlobalSection(ProjectConfigurationPlatforms) = postSolution
		{1749AF17-CF21-4691-8C12-87C15C031C18}.Debug|Any CPU.ActiveCfg = Debug|Any CPU
		{1749AF17-CF21-4691-8C12-87C15C031C18}.Debug|Any CPU.Build.0 = Debug|Any CPU
		{1749AF17-CF21-4691-8C12-87C15C031C18}.Debug|x64.ActiveCfg = Debug|Any CPU
		{1749AF17-CF21-4691-8C12-87C15C031C18}.Debug|x64.Build.0 = Debug|Any CPU
		{1749AF17-CF21-4691-8C12-87C15C031C18}.Debug|x86.ActiveCfg = Debug|Any CPU
		{1749AF17-CF21-4691-8C12-87C15C031C18}.Debug|x86.Build.0 = Debug|Any CPU
		{1749AF17-CF21-4691-8C12-87C15C031C18}.Release|Any CPU.ActiveCfg = Release|Any CPU
		{1749AF17-CF21-4691-8C12-87C15C031C18}.Release|Any CPU.Build.0 = Release|Any CPU
		{1749AF17-CF21-4691-8C12-87C15C031C18}.Release|x64.ActiveCfg = Release|Any CPU
		{1749AF17-CF21-4691-8C12-87C15C031C18}.Release|x64.Build.0 = Release|Any CPU
		{1749AF17-CF21-4691-8C12-87C15C031C18}.Release|x86.ActiveCfg = Release|Any CPU
		{1749AF17-CF21-4691-8C12-87C15C031C18}.Release|x86.Build.0 = Release|Any CPU
		{12D0AE1D-51CD-4830-B86B-27967A96219F}.Debug|Any CPU.ActiveCfg = Debug|Any CPU
		{12D0AE1D-51CD-4830-B86B-27967A96219F}.Debug|Any CPU.Build.0 = Debug|Any CPU
		{12D0AE1D-51CD-4830-B86B-27967A96219F}.Debug|x64.ActiveCfg = Debug|Any CPU
		{12D0AE1D-51CD-4830-B86B-27967A96219F}.Debug|x64.Build.0 = Debug|Any CPU
		{12D0AE1D-51CD-4830-B86B-27967A96219F}.Debug|x86.ActiveCfg = Debug|Any CPU
		{12D0AE1D-51CD-4830-B86B-27967A96219F}.Debug|x86.Build.0 = Debug|Any CPU
		{12D0AE1D-51CD-4830-B86B-27967A96219F}.Release|Any CPU.ActiveCfg = Release|Any CPU
		{12D0AE1D-51CD-4830-B86B-27967A96219F}.Release|Any CPU.Build.0 = Release|Any CPU
		{12D0AE1D-51CD-4830-B86B-27967A96219F}.Release|x64.ActiveCfg = Release|Any CPU
		{12D0AE1D-51CD-4830-B86B-27967A96219F}.Release|x64.Build.0 = Release|Any CPU
		{12D0AE1D-51CD-4830-B86B-27967A96219F}.Release|x86.ActiveCfg = Release|Any CPU
		{12D0AE1D-51CD-4830-B86B-27967A96219F}.Release|x86.Build.0 = Release|Any CPU
		{10D26CC5-3BE1-4282-89F6-78AF6F6E70EA}.Debug|Any CPU.ActiveCfg = Debug|Any CPU
		{10D26CC5-3BE1-4282-89F6-78AF6F6E70EA}.Debug|Any CPU.Build.0 = Debug|Any CPU
		{10D26CC5-3BE1-4282-89F6-78AF6F6E70EA}.Debug|x64.ActiveCfg = Debug|Any CPU
		{10D26CC5-3BE1-4282-89F6-78AF6F6E70EA}.Debug|x64.Build.0 = Debug|Any CPU
		{10D26CC5-3BE1-4282-89F6-78AF6F6E70EA}.Debug|x86.ActiveCfg = Debug|Any CPU
		{10D26CC5-3BE1-4282-89F6-78AF6F6E70EA}.Debug|x86.Build.0 = Debug|Any CPU
		{10D26CC5-3BE1-4282-89F6-78AF6F6E70EA}.Release|Any CPU.ActiveCfg = Release|Any CPU
		{10D26CC5-3BE1-4282-89F6-78AF6F6E70EA}.Release|Any CPU.Build.0 = Release|Any CPU
		{10D26CC5-3BE1-4282-89F6-78AF6F6E70EA}.Release|x64.ActiveCfg = Release|Any CPU
		{10D26CC5-3BE1-4282-89F6-78AF6F6E70EA}.Release|x64.Build.0 = Release|Any CPU
		{10D26CC5-3BE1-4282-89F6-78AF6F6E70EA}.Release|x86.ActiveCfg = Release|Any CPU
		{10D26CC5-3BE1-4282-89F6-78AF6F6E70EA}.Release|x86.Build.0 = Release|Any CPU
	EndGlobalSection
	GlobalSection(SolutionProperties) = preSolution
		HideSolutionNode = FALSE
	EndGlobalSection
	GlobalSection(NestedProjects) = preSolution
		{1749AF17-CF21-4691-8C12-87C15C031C18} = {EF4EB2FC-20FB-48D8-AF5A-ADE96016A034}
		{12D0AE1D-51CD-4830-B86B-27967A96219F} = {C3F8E6C4-477A-48C2-B293-CE18838A17C2}
		{10D26CC5-3BE1-4282-89F6-78AF6F6E70EA} = {EF4EB2FC-20FB-48D8-AF5A-ADE96016A034}
	EndGlobalSection
	GlobalSection(ExtensibilityGlobals) = postSolution
		SolutionGuid = {063BA0C3-80E7-4F24-BE17-5B0D8BE82A50}
	EndGlobalSection
EndGlobal
